{
  "originHash" : "c535d3cdb62bd4e11e67f3c9e68290fa7ee9306634c5f56d2b0396eb75ed41ee",
  "pins" : [
    {
      "identity" : "mpvkit",
      "kind" : "remoteSourceControl",
      "location" : "https://github.com/jonahnm/MPVKit",
      "state" : {
        "revision" : "20a2e9906ee80f3366e8987e0438baddeeb4bc17",
        "version" : "1.0.27"
      }
    }
  ],
  "version" : 3
}
