{
  "originHash" : "c535d3cdb62bd4e11e67f3c9e68290fa7ee9306634c5f56d2b0396eb75ed41ee",
  "pins" : [
    {
      "identity" : "mpvkit",
      "kind" : "remoteSourceControl",
      "location" : "https://github.com/jonahnm/MPVKit",
      "state" : {
        "revision" : "d208cf0b30d29db7cd45de5c0ea2e81672d9a370",
        "version" : "1.0.21"
      }
    }
  ],
  "version" : 3
}
