{
  "originHash" : "c535d3cdb62bd4e11e67f3c9e68290fa7ee9306634c5f56d2b0396eb75ed41ee",
  "pins" : [
    {
      "identity" : "mpvkit",
      "kind" : "remoteSourceControl",
      "location" : "https://github.com/jonahnm/MPVKit",
      "state" : {
        "revision" : "9cb9ad19846d857c7e472f5b5f153db715cbbb28",
        "version" : "1.0.38"
      }
    }
  ],
  "version" : 3
}
