{
  "originHash" : "c535d3cdb62bd4e11e67f3c9e68290fa7ee9306634c5f56d2b0396eb75ed41ee",
  "pins" : [
    {
      "identity" : "mpvkit",
      "kind" : "remoteSourceControl",
      "location" : "https://github.com/jonahnm/MPVKit",
      "state" : {
        "revision" : "28fed3ffd0d103927e019d21f19540cb9bdb0d6e",
        "version" : "1.0.34"
      }
    }
  ],
  "version" : 3
}
