{
  "originHash" : "c535d3cdb62bd4e11e67f3c9e68290fa7ee9306634c5f56d2b0396eb75ed41ee",
  "pins" : [
    {
      "identity" : "mpvkit",
      "kind" : "remoteSourceControl",
      "location" : "https://github.com/jonahnm/MPVKit",
      "state" : {
        "revision" : "6bbff3b641dbbae052bc94671cee838015e27853",
        "version" : "1.0.19"
      }
    }
  ],
  "version" : 3
}
