{
  "pins" : [
    {
      "identity" : "mpvkit",
      "kind" : "remoteSourceControl",
      "location" : "https://github.com/jonahnm/MPVKit",
      "state" : {
        "revision" : "a0e73e6fe1206faaf63a48312833039da70006b7",
        "version" : "1.0.29"
      }
    },
    {
      "identity" : "sentry-cocoa",
      "kind" : "remoteSourceControl",
      "location" : "https://github.com/getsentry/sentry-cocoa",
      "state" : {
        "revision" : "f196cbb98e0388381d57908f2f5a9bdc385cde68",
        "version" : "8.58.4"
      }
    }
  ],
  "version" : 2
}
