{
  "pins" : [
    {
      "identity" : "mpvkit",
      "kind" : "remoteSourceControl",
      "location" : "https://github.com/jonahnm/MPVKit",
      "state" : {
        "revision" : "84f892bf93abe79bcf8ef693ab6f8aebaf2920d6",
        "version" : "1.0.22"
      }
    },
    {
      "identity" : "sentry-cocoa",
      "kind" : "remoteSourceControl",
      "location" : "https://github.com/getsentry/sentry-cocoa",
      "state" : {
        "revision" : "f196cbb98e0388381d57908f2f5a9bdc385cde68",
        "version" : "8.58.4"
      }
    }
  ],
  "version" : 2
}
